// !$*UTF8*$!
{
	archiveVersion = 1;
	classes = {
	};
	objectVersion = 52;
	objects = {

/* Begin PBXBuildFile section */
		59090B3D244676D300E2EF5B /* CollectionTableViewController.swift in Sources */ = {isa = PBXBuildFile; fileRef = 59090B3C244676D300E2EF5B /* CollectionTableViewController.swift */; };
		59322142246B5DCD00D2D2DF /* Cache.swift in Sources */ = {isa = PBXBuildFile; fileRef = 59322141246B5DCD00D2D2DF /* Cache.swift */; };
		594ACC52242088BA00DEFCBF /* AppDelegate.swift in Sources */ = {isa = PBXBuildFile; fileRef = 594ACC51242088BA00DEFCBF /* AppDelegate.swift */; };
		594ACC54242088BA00DEFCBF /* SceneDelegate.swift in Sources */ = {isa = PBXBuildFile; fileRef = 594ACC53242088BA00DEFCBF /* SceneDelegate.swift */; };
		594ACC59242088BA00DEFCBF /* Main.storyboard in Resources */ = {isa = PBXBuildFile; fileRef = 594ACC57242088BA00DEFCBF /* Main.storyboard */; };
		594ACC5C242088BA00DEFCBF /* Meme_Vault.xcdatamodeld in Sources */ = {isa = PBXBuildFile; fileRef = 594ACC5A242088BA00DEFCBF /* Meme_Vault.xcdatamodeld */; };
		594ACC5E242088BC00DEFCBF /* Assets.xcassets in Resources */ = {isa = PBXBuildFile; fileRef = 594ACC5D242088BC00DEFCBF /* Assets.xcassets */; };
		594ACC61242088BC00DEFCBF /* LaunchScreen.storyboard in Resources */ = {isa = PBXBuildFile; fileRef = 594ACC5F242088BC00DEFCBF /* LaunchScreen.storyboard */; };
		594ACC6A24208A9700DEFCBF /* ActionSetsTableViewController.swift in Sources */ = {isa = PBXBuildFile; fileRef = 594ACC6924208A9700DEFCBF /* ActionSetsTableViewController.swift */; };
		594ACC6E24208F1B00DEFCBF /* ActionSetCollectionViewController.swift in Sources */ = {isa = PBXBuildFile; fileRef = 594ACC6D24208F1B00DEFCBF /* ActionSetCollectionViewController.swift */; };
		594ACC7124208F5400DEFCBF /* ActionCollectionViewCell.swift in Sources */ = {isa = PBXBuildFile; fileRef = 594ACC7024208F5400DEFCBF /* ActionCollectionViewCell.swift */; };
		59685A4A2421A63400710539 /* UIAlertController+Fixes.swift in Sources */ = {isa = PBXBuildFile; fileRef = 59685A492421A63400710539 /* UIAlertController+Fixes.swift */; };
		59685A4C2421AC9600710539 /* AlbumsTableViewController.swift in Sources */ = {isa = PBXBuildFile; fileRef = 59685A4B2421AC9600710539 /* AlbumsTableViewController.swift */; };
		5978B84424465F7800CACC7A /* ButtonCollectionReusableView.swift in Sources */ = {isa = PBXBuildFile; fileRef = 5978B84324465F7800CACC7A /* ButtonCollectionReusableView.swift */; };
		5978B84624466A3100CACC7A /* CollectionsTableViewController.swift in Sources */ = {isa = PBXBuildFile; fileRef = 5978B84524466A3100CACC7A /* CollectionsTableViewController.swift */; };
		5978B84824466AA900CACC7A /* CollectionController.swift in Sources */ = {isa = PBXBuildFile; fileRef = 5978B84724466AA900CACC7A /* CollectionController.swift */; };
		5978B84A24466AD600CACC7A /* Condition.swift in Sources */ = {isa = PBXBuildFile; fileRef = 5978B84924466AD600CACC7A /* Condition.swift */; };
		597D63232436854600056FD1 /* NameTableViewController.swift in Sources */ = {isa = PBXBuildFile; fileRef = 597D63222436854600056FD1 /* NameTableViewController.swift */; };
		597D63252436856D00056FD1 /* TextFieldTableViewCell.swift in Sources */ = {isa = PBXBuildFile; fileRef = 597D63242436856D00056FD1 /* TextFieldTableViewCell.swift */; };
		597D6327243697EE00056FD1 /* SettingsTableViewController.swift in Sources */ = {isa = PBXBuildFile; fileRef = 597D6326243697EE00056FD1 /* SettingsTableViewController.swift */; };
		597D63292436A1B800056FD1 /* DestinationsTableViewController.swift in Sources */ = {isa = PBXBuildFile; fileRef = 597D63282436A1B800056FD1 /* DestinationsTableViewController.swift */; };
		597D632B2436A35400056FD1 /* CoreDataStack.swift in Sources */ = {isa = PBXBuildFile; fileRef = 597D632A2436A35400056FD1 /* CoreDataStack.swift */; };
		597D632D2436A3FA00056FD1 /* UITableViewController+FRCDelegate.swift in Sources */ = {isa = PBXBuildFile; fileRef = 597D632C2436A3FA00056FD1 /* UITableViewController+FRCDelegate.swift */; };
		597D632F2436A64900056FD1 /* DestinationController.swift in Sources */ = {isa = PBXBuildFile; fileRef = 597D632E2436A64900056FD1 /* DestinationController.swift */; };
		597D63322436A9B900056FD1 /* FilesProvider in Frameworks */ = {isa = PBXBuildFile; productRef = 597D63312436A9B900056FD1 /* FilesProvider */; };
		597D63342436AB4B00056FD1 /* FileBrowserTableViewController.swift in Sources */ = {isa = PBXBuildFile; fileRef = 597D63332436AB4B00056FD1 /* FileBrowserTableViewController.swift */; };
		597DF37C248D7D7100F93AEF /* SwiftyJSON in Frameworks */ = {isa = PBXBuildFile; productRef = 597DF37B248D7D7100F93AEF /* SwiftyJSON */; };
		598962A32421BEE600B3C670 /* ActionSet.swift in Sources */ = {isa = PBXBuildFile; fileRef = 598962A22421BEE600B3C670 /* ActionSet.swift */; };
		598962A62421C01C00B3C670 /* ActionController.swift in Sources */ = {isa = PBXBuildFile; fileRef = 598962A52421C01C00B3C670 /* ActionController.swift */; };
		598962A82421C29000B3C670 /* TabBarController.swift in Sources */ = {isa = PBXBuildFile; fileRef = 598962A72421C29000B3C670 /* TabBarController.swift */; };
		598D596E244F8055005899A7 /* ConditionTableViewController.swift in Sources */ = {isa = PBXBuildFile; fileRef = 598D596D244F8055005899A7 /* ConditionTableViewController.swift */; };
		598D5970244F8F2A005899A7 /* Bool+Int.swift in Sources */ = {isa = PBXBuildFile; fileRef = 598D596F244F8F29005899A7 /* Bool+Int.swift */; };
		598D5972244F92BD005899A7 /* ConjunctionTableViewCell.swift in Sources */ = {isa = PBXBuildFile; fileRef = 598D5971244F92BD005899A7 /* ConjunctionTableViewCell.swift */; };
		598D5974244F952B005899A7 /* NotTableViewCell.swift in Sources */ = {isa = PBXBuildFile; fileRef = 598D5973244F952B005899A7 /* NotTableViewCell.swift */; };
		598D5976244F979A005899A7 /* ControlCellDelegate.swift in Sources */ = {isa = PBXBuildFile; fileRef = 598D5975244F979A005899A7 /* ControlCellDelegate.swift */; };
		59B054A9246A589500C31CE3 /* MemeViewController.swift in Sources */ = {isa = PBXBuildFile; fileRef = 59B054A8246A589500C31CE3 /* MemeViewController.swift */; };
		59B054AB246A5A5700C31CE3 /* UIImageView+PHAsset.swift in Sources */ = {isa = PBXBuildFile; fileRef = 59B054AA246A5A5700C31CE3 /* UIImageView+PHAsset.swift */; };
		59B924FA243D7E13002440E2 /* LoginTableViewController.swift in Sources */ = {isa = PBXBuildFile; fileRef = 59B924F9243D7E13002440E2 /* LoginTableViewController.swift */; };
		59B924FE243D84BA002440E2 /* ProviderController.swift in Sources */ = {isa = PBXBuildFile; fileRef = 59B924FD243D84BA002440E2 /* ProviderController.swift */; };
		59C68168247210090037EB6D /* ToggleTableViewCell.swift in Sources */ = {isa = PBXBuildFile; fileRef = 59C68166247210090037EB6D /* ToggleTableViewCell.swift */; };
		59C68169247210090037EB6D /* ToggleTableViewCell.xib in Resources */ = {isa = PBXBuildFile; fileRef = 59C68167247210090037EB6D /* ToggleTableViewCell.xib */; };
		59C7612B249582E300A54004 /* MemeController.swift in Sources */ = {isa = PBXBuildFile; fileRef = 59C7612A249582E300A54004 /* MemeController.swift */; };
		59D3AF8A24466EF500B066BA /* AlbumCollection.swift in Sources */ = {isa = PBXBuildFile; fileRef = 59D3AF8924466EF500B066BA /* AlbumCollection.swift */; };
		59F43D2A24945C8D0078C7AC /* ActionSetPickerTableViewController.swift in Sources */ = {isa = PBXBuildFile; fileRef = 59F43D2924945C8D0078C7AC /* ActionSetPickerTableViewController.swift */; };
/* End PBXBuildFile section */

/* Begin PBXFileReference section */
		59090B3C244676D300E2EF5B /* CollectionTableViewController.swift */ = {isa = PBXFileReference; lastKnownFileType = sourcecode.swift; path = CollectionTableViewController.swift; sourceTree = "<group>"; };
		59322141246B5DCD00D2D2DF /* Cache.swift */ = {isa = PBXFileReference; lastKnownFileType = sourcecode.swift; path = Cache.swift; sourceTree = "<group>"; };
		594ACC4E242088BA00DEFCBF /* Meme Vault.app */ = {isa = PBXFileReference; explicitFileType = wrapper.application; includeInIndex = 0; path = "Meme Vault.app"; sourceTree = BUILT_PRODUCTS_DIR; };
		594ACC51242088BA00DEFCBF /* AppDelegate.swift */ = {isa = PBXFileReference; lastKnownFileType = sourcecode.swift; path = AppDelegate.swift; sourceTree = "<group>"; };
		594ACC53242088BA00DEFCBF /* SceneDelegate.swift */ = {isa = PBXFileReference; lastKnownFileType = sourcecode.swift; path = SceneDelegate.swift; sourceTree = "<group>"; };
		594ACC58242088BA00DEFCBF /* Base */ = {isa = PBXFileReference; lastKnownFileType = file.storyboard; name = Base; path = Base.lproj/Main.storyboard; sourceTree = "<group>"; };
		594ACC5B242088BA00DEFCBF /* Meme_Vault.xcdatamodel */ = {isa = PBXFileReference; lastKnownFileType = wrapper.xcdatamodel; path = Meme_Vault.xcdatamodel; sourceTree = "<group>"; };
		594ACC5D242088BC00DEFCBF /* Assets.xcassets */ = {isa = PBXFileReference; lastKnownFileType = folder.assetcatalog; path = Assets.xcassets; sourceTree = "<group>"; };
		594ACC60242088BC00DEFCBF /* Base */ = {isa = PBXFileReference; lastKnownFileType = file.storyboard; name = Base; path = Base.lproj/LaunchScreen.storyboard; sourceTree = "<group>"; };
		594ACC62242088BC00DEFCBF /* Info.plist */ = {isa = PBXFileReference; lastKnownFileType = text.plist.xml; path = Info.plist; sourceTree = "<group>"; };
		594ACC6924208A9700DEFCBF /* ActionSetsTableViewController.swift */ = {isa = PBXFileReference; lastKnownFileType = sourcecode.swift; path = ActionSetsTableViewController.swift; sourceTree = "<group>"; };
		594ACC6D24208F1B00DEFCBF /* ActionSetCollectionViewController.swift */ = {isa = PBXFileReference; lastKnownFileType = sourcecode.swift; path = ActionSetCollectionViewController.swift; sourceTree = "<group>"; };
		594ACC7024208F5400DEFCBF /* ActionCollectionViewCell.swift */ = {isa = PBXFileReference; lastKnownFileType = sourcecode.swift; path = ActionCollectionViewCell.swift; sourceTree = "<group>"; };
		59685A492421A63400710539 /* UIAlertController+Fixes.swift */ = {isa = PBXFileReference; fileEncoding = 4; lastKnownFileType = sourcecode.swift; path = "UIAlertController+Fixes.swift"; sourceTree = "<group>"; };
		59685A4B2421AC9600710539 /* AlbumsTableViewController.swift */ = {isa = PBXFileReference; lastKnownFileType = sourcecode.swift; path = AlbumsTableViewController.swift; sourceTree = "<group>"; };
		5978B84324465F7800CACC7A /* ButtonCollectionReusableView.swift */ = {isa = PBXFileReference; lastKnownFileType = sourcecode.swift; path = ButtonCollectionReusableView.swift; sourceTree = "<group>"; };
		5978B84524466A3100CACC7A /* CollectionsTableViewController.swift */ = {isa = PBXFileReference; lastKnownFileType = sourcecode.swift; path = CollectionsTableViewController.swift; sourceTree = "<group>"; };
		5978B84724466AA900CACC7A /* CollectionController.swift */ = {isa = PBXFileReference; lastKnownFileType = sourcecode.swift; path = CollectionController.swift; sourceTree = "<group>"; };
		5978B84924466AD600CACC7A /* Condition.swift */ = {isa = PBXFileReference; lastKnownFileType = sourcecode.swift; path = Condition.swift; sourceTree = "<group>"; };
		597D63222436854600056FD1 /* NameTableViewController.swift */ = {isa = PBXFileReference; lastKnownFileType = sourcecode.swift; path = NameTableViewController.swift; sourceTree = "<group>"; };
		597D63242436856D00056FD1 /* TextFieldTableViewCell.swift */ = {isa = PBXFileReference; lastKnownFileType = sourcecode.swift; path = TextFieldTableViewCell.swift; sourceTree = "<group>"; };
		597D6326243697EE00056FD1 /* SettingsTableViewController.swift */ = {isa = PBXFileReference; lastKnownFileType = sourcecode.swift; path = SettingsTableViewController.swift; sourceTree = "<group>"; };
		597D63282436A1B800056FD1 /* DestinationsTableViewController.swift */ = {isa = PBXFileReference; lastKnownFileType = sourcecode.swift; path = DestinationsTableViewController.swift; sourceTree = "<group>"; };
		597D632A2436A35400056FD1 /* CoreDataStack.swift */ = {isa = PBXFileReference; lastKnownFileType = sourcecode.swift; path = CoreDataStack.swift; sourceTree = "<group>"; };
		597D632C2436A3FA00056FD1 /* UITableViewController+FRCDelegate.swift */ = {isa = PBXFileReference; lastKnownFileType = sourcecode.swift; path = "UITableViewController+FRCDelegate.swift"; sourceTree = "<group>"; };
		597D632E2436A64900056FD1 /* DestinationController.swift */ = {isa = PBXFileReference; lastKnownFileType = sourcecode.swift; path = DestinationController.swift; sourceTree = "<group>"; };
		597D63332436AB4B00056FD1 /* FileBrowserTableViewController.swift */ = {isa = PBXFileReference; lastKnownFileType = sourcecode.swift; path = FileBrowserTableViewController.swift; sourceTree = "<group>"; };
		598962A22421BEE600B3C670 /* ActionSet.swift */ = {isa = PBXFileReference; lastKnownFileType = sourcecode.swift; path = ActionSet.swift; sourceTree = "<group>"; };
		598962A52421C01C00B3C670 /* ActionController.swift */ = {isa = PBXFileReference; lastKnownFileType = sourcecode.swift; path = ActionController.swift; sourceTree = "<group>"; };
		598962A72421C29000B3C670 /* TabBarController.swift */ = {isa = PBXFileReference; lastKnownFileType = sourcecode.swift; path = TabBarController.swift; sourceTree = "<group>"; };
		598D596D244F8055005899A7 /* ConditionTableViewController.swift */ = {isa = PBXFileReference; lastKnownFileType = sourcecode.swift; path = ConditionTableViewController.swift; sourceTree = "<group>"; };
		598D596F244F8F29005899A7 /* Bool+Int.swift */ = {isa = PBXFileReference; lastKnownFileType = sourcecode.swift; path = "Bool+Int.swift"; sourceTree = "<group>"; };
		598D5971244F92BD005899A7 /* ConjunctionTableViewCell.swift */ = {isa = PBXFileReference; lastKnownFileType = sourcecode.swift; path = ConjunctionTableViewCell.swift; sourceTree = "<group>"; };
		598D5973244F952B005899A7 /* NotTableViewCell.swift */ = {isa = PBXFileReference; lastKnownFileType = sourcecode.swift; path = NotTableViewCell.swift; sourceTree = "<group>"; };
		598D5975244F979A005899A7 /* ControlCellDelegate.swift */ = {isa = PBXFileReference; lastKnownFileType = sourcecode.swift; path = ControlCellDelegate.swift; sourceTree = "<group>"; };
		59B054A8246A589500C31CE3 /* MemeViewController.swift */ = {isa = PBXFileReference; lastKnownFileType = sourcecode.swift; path = MemeViewController.swift; sourceTree = "<group>"; };
		59B054AA246A5A5700C31CE3 /* UIImageView+PHAsset.swift */ = {isa = PBXFileReference; lastKnownFileType = sourcecode.swift; path = "UIImageView+PHAsset.swift"; sourceTree = "<group>"; };
		59B924F9243D7E13002440E2 /* LoginTableViewController.swift */ = {isa = PBXFileReference; lastKnownFileType = sourcecode.swift; path = LoginTableViewController.swift; sourceTree = "<group>"; };
		59B924FD243D84BA002440E2 /* ProviderController.swift */ = {isa = PBXFileReference; lastKnownFileType = sourcecode.swift; path = ProviderController.swift; sourceTree = "<group>"; };
		59C68166247210090037EB6D /* ToggleTableViewCell.swift */ = {isa = PBXFileReference; lastKnownFileType = sourcecode.swift; path = ToggleTableViewCell.swift; sourceTree = "<group>"; };
		59C68167247210090037EB6D /* ToggleTableViewCell.xib */ = {isa = PBXFileReference; lastKnownFileType = file.xib; path = ToggleTableViewCell.xib; sourceTree = "<group>"; };
		59C7612A249582E300A54004 /* MemeController.swift */ = {isa = PBXFileReference; lastKnownFileType = sourcecode.swift; path = MemeController.swift; sourceTree = "<group>"; };
		59D3AF8924466EF500B066BA /* AlbumCollection.swift */ = {isa = PBXFileReference; lastKnownFileType = sourcecode.swift; path = AlbumCollection.swift; sourceTree = "<group>"; };
		59F43D2924945C8D0078C7AC /* ActionSetPickerTableViewController.swift */ = {isa = PBXFileReference; lastKnownFileType = sourcecode.swift; path = ActionSetPickerTableViewController.swift; sourceTree = "<group>"; };
/* End PBXFileReference section */

/* Begin PBXFrameworksBuildPhase section */
		594ACC4B242088BA00DEFCBF /* Frameworks */ = {
			isa = PBXFrameworksBuildPhase;
			buildActionMask = 2147483647;
			files = (
				597DF37C248D7D7100F93AEF /* SwiftyJSON in Frameworks */,
				597D63322436A9B900056FD1 /* FilesProvider in Frameworks */,
			);
			runOnlyForDeploymentPostprocessing = 0;
		};
/* End PBXFrameworksBuildPhase section */

/* Begin PBXGroup section */
		594ACC45242088BA00DEFCBF = {
			isa = PBXGroup;
			children = (
				594ACC50242088BA00DEFCBF /* Meme Vault */,
				594ACC4F242088BA00DEFCBF /* Products */,
			);
			sourceTree = "<group>";
		};
		594ACC4F242088BA00DEFCBF /* Products */ = {
			isa = PBXGroup;
			children = (
				594ACC4E242088BA00DEFCBF /* Meme Vault.app */,
			);
			name = Products;
			sourceTree = "<group>";
		};
		594ACC50242088BA00DEFCBF /* Meme Vault */ = {
			isa = PBXGroup;
			children = (
				594ACC51242088BA00DEFCBF /* AppDelegate.swift */,
				594ACC53242088BA00DEFCBF /* SceneDelegate.swift */,
				598962A12421BEBA00B3C670 /* Model */,
				598962A42421C00C00B3C670 /* Model Controllers */,
				594ACC6824208A7500DEFCBF /* View Controllers */,
				594ACC6F24208F4400DEFCBF /* Views */,
				59685A482421A62500710539 /* Helpers */,
				594ACC57242088BA00DEFCBF /* Main.storyboard */,
				594ACC5D242088BC00DEFCBF /* Assets.xcassets */,
				594ACC5F242088BC00DEFCBF /* LaunchScreen.storyboard */,
				594ACC62242088BC00DEFCBF /* Info.plist */,
			);
			path = "Meme Vault";
			sourceTree = "<group>";
		};
		594ACC6824208A7500DEFCBF /* View Controllers */ = {
			isa = PBXGroup;
			children = (
				598962A72421C29000B3C670 /* TabBarController.swift */,
				59685A4B2421AC9600710539 /* AlbumsTableViewController.swift */,
				597D6326243697EE00056FD1 /* SettingsTableViewController.swift */,
				594ACC6924208A9700DEFCBF /* ActionSetsTableViewController.swift */,
				594ACC6D24208F1B00DEFCBF /* ActionSetCollectionViewController.swift */,
				597D63222436854600056FD1 /* NameTableViewController.swift */,
				597D63282436A1B800056FD1 /* DestinationsTableViewController.swift */,
				597D63332436AB4B00056FD1 /* FileBrowserTableViewController.swift */,
				59B924F9243D7E13002440E2 /* LoginTableViewController.swift */,
				5978B84524466A3100CACC7A /* CollectionsTableViewController.swift */,
				59090B3C244676D300E2EF5B /* CollectionTableViewController.swift */,
				598D596D244F8055005899A7 /* ConditionTableViewController.swift */,
				59B054A8246A589500C31CE3 /* MemeViewController.swift */,
				59F43D2924945C8D0078C7AC /* ActionSetPickerTableViewController.swift */,
			);
			path = "View Controllers";
			sourceTree = "<group>";
		};
		594ACC6F24208F4400DEFCBF /* Views */ = {
			isa = PBXGroup;
			children = (
				594ACC7024208F5400DEFCBF /* ActionCollectionViewCell.swift */,
				5978B84324465F7800CACC7A /* ButtonCollectionReusableView.swift */,
				597D63242436856D00056FD1 /* TextFieldTableViewCell.swift */,
				598D5971244F92BD005899A7 /* ConjunctionTableViewCell.swift */,
				598D5973244F952B005899A7 /* NotTableViewCell.swift */,
				59C68166247210090037EB6D /* ToggleTableViewCell.swift */,
				59C68167247210090037EB6D /* ToggleTableViewCell.xib */,
			);
			path = Views;
			sourceTree = "<group>";
		};
		59685A482421A62500710539 /* Helpers */ = {
			isa = PBXGroup;
			children = (
				59685A492421A63400710539 /* UIAlertController+Fixes.swift */,
				597D632C2436A3FA00056FD1 /* UITableViewController+FRCDelegate.swift */,
				598D596F244F8F29005899A7 /* Bool+Int.swift */,
				598D5975244F979A005899A7 /* ControlCellDelegate.swift */,
				59B054AA246A5A5700C31CE3 /* UIImageView+PHAsset.swift */,
			);
			path = Helpers;
			sourceTree = "<group>";
		};
		598962A12421BEBA00B3C670 /* Model */ = {
			isa = PBXGroup;
			children = (
				594ACC5A242088BA00DEFCBF /* Meme_Vault.xcdatamodeld */,
				597D632A2436A35400056FD1 /* CoreDataStack.swift */,
				598962A22421BEE600B3C670 /* ActionSet.swift */,
				5978B84924466AD600CACC7A /* Condition.swift */,
				59D3AF8924466EF500B066BA /* AlbumCollection.swift */,
				59322141246B5DCD00D2D2DF /* Cache.swift */,
			);
			path = Model;
			sourceTree = "<group>";
		};
		598962A42421C00C00B3C670 /* Model Controllers */ = {
			isa = PBXGroup;
			children = (
				598962A52421C01C00B3C670 /* ActionController.swift */,
				597D632E2436A64900056FD1 /* DestinationController.swift */,
				59B924FD243D84BA002440E2 /* ProviderController.swift */,
				5978B84724466AA900CACC7A /* CollectionController.swift */,
				59C7612A249582E300A54004 /* MemeController.swift */,
			);
			path = "Model Controllers";
			sourceTree = "<group>";
		};
/* End PBXGroup section */

/* Begin PBXNativeTarget section */
		594ACC4D242088BA00DEFCBF /* Meme Vault */ = {
			isa = PBXNativeTarget;
			buildConfigurationList = 594ACC65242088BC00DEFCBF /* Build configuration list for PBXNativeTarget "Meme Vault" */;
			buildPhases = (
				594ACC4A242088BA00DEFCBF /* Sources */,
				594ACC4B242088BA00DEFCBF /* Frameworks */,
				594ACC4C242088BA00DEFCBF /* Resources */,
			);
			buildRules = (
			);
			dependencies = (
			);
			name = "Meme Vault";
			packageProductDependencies = (
				597D63312436A9B900056FD1 /* FilesProvider */,
				597DF37B248D7D7100F93AEF /* SwiftyJSON */,
			);
			productName = "Meme Vault";
			productReference = 594ACC4E242088BA00DEFCBF /* Meme Vault.app */;
			productType = "com.apple.product-type.application";
		};
/* End PBXNativeTarget section */

/* Begin PBXProject section */
		594ACC46242088BA00DEFCBF /* Project object */ = {
			isa = PBXProject;
			attributes = {
				LastSwiftUpdateCheck = 1130;
				LastUpgradeCheck = 1130;
				ORGANIZATIONNAME = "Isaac Lyons";
				TargetAttributes = {
					594ACC4D242088BA00DEFCBF = {
						CreatedOnToolsVersion = 11.3.1;
					};
				};
			};
			buildConfigurationList = 594ACC49242088BA00DEFCBF /* Build configuration list for PBXProject "Meme Vault" */;
			compatibilityVersion = "Xcode 9.3";
			developmentRegion = en;
			hasScannedForEncodings = 0;
			knownRegions = (
				en,
				Base,
			);
			mainGroup = 594ACC45242088BA00DEFCBF;
			packageReferences = (
				597D63302436A9B900056FD1 /* XCRemoteSwiftPackageReference "FileProvider" */,
				597DF37A248D7D7100F93AEF /* XCRemoteSwiftPackageReference "SwiftyJSON" */,
			);
			productRefGroup = 594ACC4F242088BA00DEFCBF /* Products */;
			projectDirPath = "";
			projectRoot = "";
			targets = (
				594ACC4D242088BA00DEFCBF /* Meme Vault */,
			);
		};
/* End PBXProject section */

/* Begin PBXResourcesBuildPhase section */
		594ACC4C242088BA00DEFCBF /* Resources */ = {
			isa = PBXResourcesBuildPhase;
			buildActionMask = 2147483647;
			files = (
				594ACC61242088BC00DEFCBF /* LaunchScreen.storyboard in Resources */,
				59C68169247210090037EB6D /* ToggleTableViewCell.xib in Resources */,
				594ACC5E242088BC00DEFCBF /* Assets.xcassets in Resources */,
				594ACC59242088BA00DEFCBF /* Main.storyboard in Resources */,
			);
			runOnlyForDeploymentPostprocessing = 0;
		};
/* End PBXResourcesBuildPhase section */

/* Begin PBXSourcesBuildPhase section */
		594ACC4A242088BA00DEFCBF /* Sources */ = {
			isa = PBXSourcesBuildPhase;
			buildActionMask = 2147483647;
			files = (
				594ACC52242088BA00DEFCBF /* AppDelegate.swift in Sources */,
				59C68168247210090037EB6D /* ToggleTableViewCell.swift in Sources */,
				594ACC5C242088BA00DEFCBF /* Meme_Vault.xcdatamodeld in Sources */,
				597D63292436A1B800056FD1 /* DestinationsTableViewController.swift in Sources */,
				597D632D2436A3FA00056FD1 /* UITableViewController+FRCDelegate.swift in Sources */,
				598962A82421C29000B3C670 /* TabBarController.swift in Sources */,
				59B924FA243D7E13002440E2 /* LoginTableViewController.swift in Sources */,
				5978B84A24466AD600CACC7A /* Condition.swift in Sources */,
				598D596E244F8055005899A7 /* ConditionTableViewController.swift in Sources */,
				594ACC6E24208F1B00DEFCBF /* ActionSetCollectionViewController.swift in Sources */,
				59685A4A2421A63400710539 /* UIAlertController+Fixes.swift in Sources */,
				598962A32421BEE600B3C670 /* ActionSet.swift in Sources */,
				59090B3D244676D300E2EF5B /* CollectionTableViewController.swift in Sources */,
				59C7612B249582E300A54004 /* MemeController.swift in Sources */,
				5978B84824466AA900CACC7A /* CollectionController.swift in Sources */,
				598D5970244F8F2A005899A7 /* Bool+Int.swift in Sources */,
				597D632F2436A64900056FD1 /* DestinationController.swift in Sources */,
				59B054AB246A5A5700C31CE3 /* UIImageView+PHAsset.swift in Sources */,
				597D632B2436A35400056FD1 /* CoreDataStack.swift in Sources */,
				598D5976244F979A005899A7 /* ControlCellDelegate.swift in Sources */,
				59B924FE243D84BA002440E2 /* ProviderController.swift in Sources */,
				598D5974244F952B005899A7 /* NotTableViewCell.swift in Sources */,
				597D6327243697EE00056FD1 /* SettingsTableViewController.swift in Sources */,
				59322142246B5DCD00D2D2DF /* Cache.swift in Sources */,
				59D3AF8A24466EF500B066BA /* AlbumCollection.swift in Sources */,
				597D63252436856D00056FD1 /* TextFieldTableViewCell.swift in Sources */,
				594ACC6A24208A9700DEFCBF /* ActionSetsTableViewController.swift in Sources */,
				59685A4C2421AC9600710539 /* AlbumsTableViewController.swift in Sources */,
				598D5972244F92BD005899A7 /* ConjunctionTableViewCell.swift in Sources */,
				597D63232436854600056FD1 /* NameTableViewController.swift in Sources */,
				5978B84424465F7800CACC7A /* ButtonCollectionReusableView.swift in Sources */,
				597D63342436AB4B00056FD1 /* FileBrowserTableViewController.swift in Sources */,
				59B054A9246A589500C31CE3 /* MemeViewController.swift in Sources */,
				598962A62421C01C00B3C670 /* ActionController.swift in Sources */,
				59F43D2A24945C8D0078C7AC /* ActionSetPickerTableViewController.swift in Sources */,
				594ACC7124208F5400DEFCBF /* ActionCollectionViewCell.swift in Sources */,
				594ACC54242088BA00DEFCBF /* SceneDelegate.swift in Sources */,
				5978B84624466A3100CACC7A /* CollectionsTableViewController.swift in Sources */,
			);
			runOnlyForDeploymentPostprocessing = 0;
		};
/* End PBXSourcesBuildPhase section */

/* Begin PBXVariantGroup section */
		594ACC57242088BA00DEFCBF /* Main.storyboard */ = {
			isa = PBXVariantGroup;
			children = (
				594ACC58242088BA00DEFCBF /* Base */,
			);
			name = Main.storyboard;
			sourceTree = "<group>";
		};
		594ACC5F242088BC00DEFCBF /* LaunchScreen.storyboard */ = {
			isa = PBXVariantGroup;
			children = (
				594ACC60242088BC00DEFCBF /* Base */,
			);
			name = LaunchScreen.storyboard;
			sourceTree = "<group>";
		};
/* End PBXVariantGroup section */

/* Begin XCBuildConfiguration section */
		594ACC63242088BC00DEFCBF /* Debug */ = {
			isa = XCBuildConfiguration;
			buildSettings = {
				ALWAYS_SEARCH_USER_PATHS = NO;
				CLANG_ANALYZER_NONNULL = YES;
				CLANG_ANALYZER_NUMBER_OBJECT_CONVERSION = YES_AGGRESSIVE;
				CLANG_CXX_LANGUAGE_STANDARD = "gnu++14";
				CLANG_CXX_LIBRARY = "libc++";
				CLANG_ENABLE_MODULES = YES;
				CLANG_ENABLE_OBJC_ARC = YES;
				CLANG_ENABLE_OBJC_WEAK = YES;
				CLANG_WARN_BLOCK_CAPTURE_AUTORELEASING = YES;
				CLANG_WARN_BOOL_CONVERSION = YES;
				CLANG_WARN_COMMA = YES;
				CLANG_WARN_CONSTANT_CONVERSION = YES;
				CLANG_WARN_DEPRECATED_OBJC_IMPLEMENTATIONS = YES;
				CLANG_WARN_DIRECT_OBJC_ISA_USAGE = YES_ERROR;
				CLANG_WARN_DOCUMENTATION_COMMENTS = YES;
				CLANG_WARN_EMPTY_BODY = YES;
				CLANG_WARN_ENUM_CONVERSION = YES;
				CLANG_WARN_INFINITE_RECURSION = YES;
				CLANG_WARN_INT_CONVERSION = YES;
				CLANG_WARN_NON_LITERAL_NULL_CONVERSION = YES;
				CLANG_WARN_OBJC_IMPLICIT_RETAIN_SELF = YES;
				CLANG_WARN_OBJC_LITERAL_CONVERSION = YES;
				CLANG_WARN_OBJC_ROOT_CLASS = YES_ERROR;
				CLANG_WARN_RANGE_LOOP_ANALYSIS = YES;
				CLANG_WARN_STRICT_PROTOTYPES = YES;
				CLANG_WARN_SUSPICIOUS_MOVE = YES;
				CLANG_WARN_UNGUARDED_AVAILABILITY = YES_AGGRESSIVE;
				CLANG_WARN_UNREACHABLE_CODE = YES;
				CLANG_WARN__DUPLICATE_METHOD_MATCH = YES;
				COPY_PHASE_STRIP = NO;
				DEBUG_INFORMATION_FORMAT = dwarf;
				ENABLE_STRICT_OBJC_MSGSEND = YES;
				ENABLE_TESTABILITY = YES;
				GCC_C_LANGUAGE_STANDARD = gnu11;
				GCC_DYNAMIC_NO_PIC = NO;
				GCC_NO_COMMON_BLOCKS = YES;
				GCC_OPTIMIZATION_LEVEL = 0;
				GCC_PREPROCESSOR_DEFINITIONS = (
					"DEBUG=1",
					"$(inherited)",
				);
				GCC_WARN_64_TO_32_BIT_CONVERSION = YES;
				GCC_WARN_ABOUT_RETURN_TYPE = YES_ERROR;
				GCC_WARN_UNDECLARED_SELECTOR = YES;
				GCC_WARN_UNINITIALIZED_AUTOS = YES_AGGRESSIVE;
				GCC_WARN_UNUSED_FUNCTION = YES;
				GCC_WARN_UNUSED_VARIABLE = YES;
				IPHONEOS_DEPLOYMENT_TARGET = 13.2;
				MTL_ENABLE_DEBUG_INFO = INCLUDE_SOURCE;
				MTL_FAST_MATH = YES;
				ONLY_ACTIVE_ARCH = YES;
				SDKROOT = iphoneos;
				SWIFT_ACTIVE_COMPILATION_CONDITIONS = DEBUG;
				SWIFT_OPTIMIZATION_LEVEL = "-Onone";
			};
			name = Debug;
		};
		594ACC64242088BC00DEFCBF /* Release */ = {
			isa = XCBuildConfiguration;
			buildSettings = {
				ALWAYS_SEARCH_USER_PATHS = NO;
				CLANG_ANALYZER_NONNULL = YES;
				CLANG_ANALYZER_NUMBER_OBJECT_CONVERSION = YES_AGGRESSIVE;
				CLANG_CXX_LANGUAGE_STANDARD = "gnu++14";
				CLANG_CXX_LIBRARY = "libc++";
				CLANG_ENABLE_MODULES = YES;
				CLANG_ENABLE_OBJC_ARC = YES;
				CLANG_ENABLE_OBJC_WEAK = YES;
				CLANG_WARN_BLOCK_CAPTURE_AUTORELEASING = YES;
				CLANG_WARN_BOOL_CONVERSION = YES;
				CLANG_WARN_COMMA = YES;
				CLANG_WARN_CONSTANT_CONVERSION = YES;
				CLANG_WARN_DEPRECATED_OBJC_IMPLEMENTATIONS = YES;
				CLANG_WARN_DIRECT_OBJC_ISA_USAGE = YES_ERROR;
				CLANG_WARN_DOCUMENTATION_COMMENTS = YES;
				CLANG_WARN_EMPTY_BODY = YES;
				CLANG_WARN_ENUM_CONVERSION = YES;
				CLANG_WARN_INFINITE_RECURSION = YES;
				CLANG_WARN_INT_CONVERSION = YES;
				CLANG_WARN_NON_LITERAL_NULL_CONVERSION = YES;
				CLANG_WARN_OBJC_IMPLICIT_RETAIN_SELF = YES;
				CLANG_WARN_OBJC_LITERAL_CONVERSION = YES;
				CLANG_WARN_OBJC_ROOT_CLASS = YES_ERROR;
				CLANG_WARN_RANGE_LOOP_ANALYSIS = YES;
				CLANG_WARN_STRICT_PROTOTYPES = YES;
				CLANG_WARN_SUSPICIOUS_MOVE = YES;
				CLANG_WARN_UNGUARDED_AVAILABILITY = YES_AGGRESSIVE;
				CLANG_WARN_UNREACHABLE_CODE = YES;
				CLANG_WARN__DUPLICATE_METHOD_MATCH = YES;
				COPY_PHASE_STRIP = NO;
				DEBUG_INFORMATION_FORMAT = "dwarf-with-dsym";
				ENABLE_NS_ASSERTIONS = NO;
				ENABLE_STRICT_OBJC_MSGSEND = YES;
				GCC_C_LANGUAGE_STANDARD = gnu11;
				GCC_NO_COMMON_BLOCKS = YES;
				GCC_WARN_64_TO_32_BIT_CONVERSION = YES;
				GCC_WARN_ABOUT_RETURN_TYPE = YES_ERROR;
				GCC_WARN_UNDECLARED_SELECTOR = YES;
				GCC_WARN_UNINITIALIZED_AUTOS = YES_AGGRESSIVE;
				GCC_WARN_UNUSED_FUNCTION = YES;
				GCC_WARN_UNUSED_VARIABLE = YES;
				IPHONEOS_DEPLOYMENT_TARGET = 13.2;
				MTL_ENABLE_DEBUG_INFO = NO;
				MTL_FAST_MATH = YES;
				SDKROOT = iphoneos;
				SWIFT_COMPILATION_MODE = wholemodule;
				SWIFT_OPTIMIZATION_LEVEL = "-O";
				VALIDATE_PRODUCT = YES;
			};
			name = Release;
		};
		594ACC66242088BC00DEFCBF /* Debug */ = {
			isa = XCBuildConfiguration;
			buildSettings = {
				ASSETCATALOG_COMPILER_APPICON_NAME = AppIcon;
				CODE_SIGN_STYLE = Automatic;
				DEVELOPMENT_TEAM = A4525544Q4;
				INFOPLIST_FILE = "Meme Vault/Info.plist";
				LD_RUNPATH_SEARCH_PATHS = (
					"$(inherited)",
					"@executable_path/Frameworks",
				);
				PRODUCT_BUNDLE_IDENTIFIER = "vc.isv.Meme-Vault";
				PRODUCT_NAME = "$(TARGET_NAME)";
				SWIFT_VERSION = 5.0;
				TARGETED_DEVICE_FAMILY = "1,2";
			};
			name = Debug;
		};
		594ACC67242088BC00DEFCBF /* Release */ = {
			isa = XCBuildConfiguration;
			buildSettings = {
				ASSETCATALOG_COMPILER_APPICON_NAME = AppIcon;
				CODE_SIGN_STYLE = Automatic;
				DEVELOPMENT_TEAM = A4525544Q4;
				INFOPLIST_FILE = "Meme Vault/Info.plist";
				LD_RUNPATH_SEARCH_PATHS = (
					"$(inherited)",
					"@executable_path/Frameworks",
				);
				PRODUCT_BUNDLE_IDENTIFIER = "vc.isv.Meme-Vault";
				PRODUCT_NAME = "$(TARGET_NAME)";
				SWIFT_VERSION = 5.0;
				TARGETED_DEVICE_FAMILY = "1,2";
			};
			name = Release;
		};
/* End XCBuildConfiguration section */

/* Begin XCConfigurationList section */
		594ACC49242088BA00DEFCBF /* Build configuration list for PBXProject "Meme Vault" */ = {
			isa = XCConfigurationList;
			buildConfigurations = (
				594ACC63242088BC00DEFCBF /* Debug */,
				594ACC64242088BC00DEFCBF /* Release */,
			);
			defaultConfigurationIsVisible = 0;
			defaultConfigurationName = Release;
		};
		594ACC65242088BC00DEFCBF /* Build configuration list for PBXNativeTarget "Meme Vault" */ = {
			isa = XCConfigurationList;
			buildConfigurations = (
				594ACC66242088BC00DEFCBF /* Debug */,
				594ACC67242088BC00DEFCBF /* Release */,
			);
			defaultConfigurationIsVisible = 0;
			defaultConfigurationName = Release;
		};
/* End XCConfigurationList section */

/* Begin XCRemoteSwiftPackageReference section */
		597D63302436A9B900056FD1 /* XCRemoteSwiftPackageReference "FileProvider" */ = {
			isa = XCRemoteSwiftPackageReference;
			repositoryURL = "https://github.com/amosavian/FileProvider";
			requirement = {
				kind = upToNextMajorVersion;
				minimumVersion = 0.26.0;
			};
		};
		597DF37A248D7D7100F93AEF /* XCRemoteSwiftPackageReference "SwiftyJSON" */ = {
			isa = XCRemoteSwiftPackageReference;
			repositoryURL = "https://github.com/SwiftyJSON/SwiftyJSON.git";
			requirement = {
				kind = upToNextMajorVersion;
				minimumVersion = 5.0.0;
			};
		};
/* End XCRemoteSwiftPackageReference section */

/* Begin XCSwiftPackageProductDependency section */
		597D63312436A9B900056FD1 /* FilesProvider */ = {
			isa = XCSwiftPackageProductDependency;
			package = 597D63302436A9B900056FD1 /* XCRemoteSwiftPackageReference "FileProvider" */;
			productName = FilesProvider;
		};
		597DF37B248D7D7100F93AEF /* SwiftyJSON */ = {
			isa = XCSwiftPackageProductDependency;
			package = 597DF37A248D7D7100F93AEF /* XCRemoteSwiftPackageReference "SwiftyJSON" */;
			productName = SwiftyJSON;
		};
/* End XCSwiftPackageProductDependency section */

/* Begin XCVersionGroup section */
		594ACC5A242088BA00DEFCBF /* Meme_Vault.xcdatamodeld */ = {
			isa = XCVersionGroup;
			children = (
				594ACC5B242088BA00DEFCBF /* Meme_Vault.xcdatamodel */,
			);
			currentVersion = 594ACC5B242088BA00DEFCBF /* Meme_Vault.xcdatamodel */;
			path = Meme_Vault.xcdatamodeld;
			sourceTree = "<group>";
			versionGroupType = wrapper.xcdatamodel;
		};
/* End XCVersionGroup section */
	};
	rootObject = 594ACC46242088BA00DEFCBF /* Project object */;
}
